
Microsoft Visual Studio Solution File, Format Version 12.00
# Visual Studio Version 17
VisualStudioVersion = 17.13.35931.197 d17.13
MinimumVisualStudioVersion = 10.0.40219.1
Project("{FAE04EC0-301F-11D3-BF4B-00C04F79EFBC}") = "EstoqueWinForms", "EstoqueWinForms\EstoqueWinForms.csproj", "{13D7FDEC-387D-4DC3-A9A1-F40D5971F59A}"
EndProject
Global
	GlobalSection(SolutionConfigurationPlatforms) = preSolution
		Debug|Any CPU = Debug|Any CPU
		Release|Any CPU = Release|Any CPU
	EndGlobalSection
	GlobalSection(ProjectConfigurationPlatforms) = postSolution
		{13D7FDEC-387D-4DC3-A9A1-F40D5971F59A}.Debug|Any CPU.ActiveCfg = Debug|Any CPU
		{13D7FDEC-387D-4DC3-A9A1-F40D5971F59A}.Debug|Any CPU.Build.0 = Debug|Any CPU
		{13D7FDEC-387D-4DC3-A9A1-F40D5971F59A}.Release|Any CPU.ActiveCfg = Release|Any CPU
		{13D7FDEC-387D-4DC3-A9A1-F40D5971F59A}.Release|Any CPU.Build.0 = Release|Any CPU
	EndGlobalSection
	GlobalSection(SolutionProperties) = preSolution
		HideSolutionNode = FALSE
	EndGlobalSection
	GlobalSection(ExtensibilityGlobals) = postSolution
		SolutionGuid = {D9314F35-A659-4ECC-A1B2-CF0C31D967A7}
	EndGlobalSection
EndGlobal
